
Microsoft Visual Studio Solution File, Format Version 12.00
# Visual Studio Version 16
VisualStudioVersion = 16.0.810.1
MinimumVisualStudioVersion = 10.0.40219.1
Project("{FAE04EC0-301F-11D3-BF4B-00C04F79EFBC}") = "PracticeTwo", "PracticeTwo\PracticeTwo.csproj", "{23EE069E-42AB-4389-B427-FA9D83038487}"
EndProject
Global
	GlobalSection(SolutionConfigurationPlatforms) = preSolution
		Debug|Any CPU = Debug|Any CPU
		Release|Any CPU = Release|Any CPU
	EndGlobalSection
	GlobalSection(ProjectConfigurationPlatforms) = postSolution
		{23EE069E-42AB-4389-B427-FA9D83038487}.Debug|Any CPU.ActiveCfg = Debug|Any CPU
		{23EE069E-42AB-4389-B427-FA9D83038487}.Debug|Any CPU.Build.0 = Debug|Any CPU
		{23EE069E-42AB-4389-B427-FA9D83038487}.Release|Any CPU.ActiveCfg = Release|Any CPU
		{23EE069E-42AB-4389-B427-FA9D83038487}.Release|Any CPU.Build.0 = Release|Any CPU
	EndGlobalSection
	GlobalSection(SolutionProperties) = preSolution
		HideSolutionNode = FALSE
	EndGlobalSection
	GlobalSection(ExtensibilityGlobals) = postSolution
		SolutionGuid = {59239951-85CC-496E-9EE7-6B8EECC7C68F}
	EndGlobalSection
EndGlobal
